
Microsoft Visual Studio Solution File, Format Version 12.00
Project("{FAE04EC0-301F-11D3-BF4B-00C04F79EFBC}") = "Uptobox_Folder_Downloader", "Uptobox_Folder_Downloader\Uptobox_Folder_Downloader.csproj", "{9C3B6CA1-85F2-4D2A-A58B-3FBCB1A291B9}"
EndProject
Global
	GlobalSection(SolutionConfigurationPlatforms) = preSolution
		Debug|Any CPU = Debug|Any CPU
		Release|Any CPU = Release|Any CPU
	EndGlobalSection
	GlobalSection(ProjectConfigurationPlatforms) = postSolution
		{9C3B6CA1-85F2-4D2A-A58B-3FBCB1A291B9}.Debug|Any CPU.ActiveCfg = Debug|Any CPU
		{9C3B6CA1-85F2-4D2A-A58B-3FBCB1A291B9}.Debug|Any CPU.Build.0 = Debug|Any CPU
		{9C3B6CA1-85F2-4D2A-A58B-3FBCB1A291B9}.Release|Any CPU.ActiveCfg = Release|Any CPU
		{9C3B6CA1-85F2-4D2A-A58B-3FBCB1A291B9}.Release|Any CPU.Build.0 = Release|Any CPU
	EndGlobalSection
EndGlobal
